// !$*UTF8*$!
{
	archiveVersion = 1;
	classes = {
	};
	objectVersion = 77;
	objects = {

/* Begin PBXContainerItemProxy section */
		917C27902CC82FDA00DA8EBB /* PBXContainerItemProxy */ = {
			isa = PBXContainerItemProxy;
			containerPortal = 917C27712CC82FD900DA8EBB /* Project object */;
			proxyType = 1;
			remoteGlobalIDString = 917C27782CC82FD900DA8EBB;
			remoteInfo = ass5;
		};
		917C279A2CC82FDA00DA8EBB /* PBXContainerItemProxy */ = {
			isa = PBXContainerItemProxy;
			containerPortal = 917C27712CC82FD900DA8EBB /* Project object */;
			proxyType = 1;
			remoteGlobalIDString = 917C27782CC82FD900DA8EBB;
			remoteInfo = ass5;
		};
/* End PBXContainerItemProxy section */

/* Begin PBXFileReference section */
		917C27792CC82FD900DA8EBB /* ass5.app */ = {isa = PBXFileReference; explicitFileType = wrapper.application; includeInIndex = 0; path = ass5.app; sourceTree = BUILT_PRODUCTS_DIR; };
		917C278F2CC82FDA00DA8EBB /* ass5Tests.xctest */ = {isa = PBXFileReference; explicitFileType = wrapper.cfbundle; includeInIndex = 0; path = ass5Tests.xctest; sourceTree = BUILT_PRODUCTS_DIR; };
		917C27992CC82FDA00DA8EBB /* ass5UITests.xctest */ = {isa = PBXFileReference; explicitFileType = wrapper.cfbundle; includeInIndex = 0; path = ass5UITests.xctest; sourceTree = BUILT_PRODUCTS_DIR; };
/* End PBXFileReference section */

/* Begin PBXFileSystemSynchronizedBuildFileExceptionSet section */
		917C27A12CC82FDA00DA8EBB /* Exceptions for "ass5" folder in "ass5" target */ = {
			isa = PBXFileSystemSynchronizedBuildFileExceptionSet;
			membershipExceptions = (
				Info.plist,
			);
			target = 917C27782CC82FD900DA8EBB /* ass5 */;
		};
/* End PBXFileSystemSynchronizedBuildFileExceptionSet section */

/* Begin PBXFileSystemSynchronizedRootGroup section */
		917C277B2CC82FD900DA8EBB /* ass5 */ = {
			isa = PBXFileSystemSynchronizedRootGroup;
			exceptions = (
				917C27A12CC82FDA00DA8EBB /* Exceptions for "ass5" folder in "ass5" target */,
			);
			path = ass5;
			sourceTree = "<group>";
		};
		917C27922CC82FDA00DA8EBB /* ass5Tests */ = {
			isa = PBXFileSystemSynchronizedRootGroup;
			path = ass5Tests;
			sourceTree = "<group>";
		};
		917C279C2CC82FDA00DA8EBB /* ass5UITests */ = {
			isa = PBXFileSystemSynchronizedRootGroup;
			path = ass5UITests;
			sourceTree = "<group>";
		};
/* End PBXFileSystemSynchronizedRootGroup section */

/* Begin PBXFrameworksBuildPhase section */
		917C27762CC82FD900DA8EBB /* Frameworks */ = {
			isa = PBXFrameworksBuildPhase;
			buildActionMask = 2147483647;
			files = (
			);
			runOnlyForDeploymentPostprocessing = 0;
		};
		917C278C2CC82FDA00DA8EBB /* Frameworks */ = {
			isa = PBXFrameworksBuildPhase;
			buildActionMask = 2147483647;
			files = (
			);
			runOnlyForDeploymentPostprocessing = 0;
		};
		917C27962CC82FDA00DA8EBB /* Frameworks */ = {
			isa = PBXFrameworksBuildPhase;
			buildActionMask = 2147483647;
			files = (
			);
			runOnlyForDeploymentPostprocessing = 0;
		};
/* End PBXFrameworksBuildPhase section */

/* Begin PBXGroup section */
		917C27702CC82FD900DA8EBB = {
			isa = PBXGroup;
			children = (
				917C277B2CC82FD900DA8EBB /* ass5 */,
				917C27922CC82FDA00DA8EBB /* ass5Tests */,
				917C279C2CC82FDA00DA8EBB /* ass5UITests */,
				917C277A2CC82FD900DA8EBB /* Products */,
			);
			sourceTree = "<group>";
		};
		917C277A2CC82FD900DA8EBB /* Products */ = {
			isa = PBXGroup;
			children = (
				917C27792CC82FD900DA8EBB /* ass5.app */,
				917C278F2CC82FDA00DA8EBB /* ass5Tests.xctest */,
				917C27992CC82FDA00DA8EBB /* ass5UITests.xctest */,
			);
			name = Products;
			sourceTree = "<group>";
		};
/* End PBXGroup section */

/* Begin PBXNativeTarget section */
		917C27782CC82FD900DA8EBB /* ass5 */ = {
			isa = PBXNativeTarget;
			buildConfigurationList = 917C27A22CC82FDA00DA8EBB /* Build configuration list for PBXNativeTarget "ass5" */;
			buildPhases = (
				917C27752CC82FD900DA8EBB /* Sources */,
				917C27762CC82FD900DA8EBB /* Frameworks */,
				917C27772CC82FD900DA8EBB /* Resources */,
			);
			buildRules = (
			);
			dependencies = (
			);
			fileSystemSynchronizedGroups = (
				917C277B2CC82FD900DA8EBB /* ass5 */,
			);
			name = ass5;
			packageProductDependencies = (
			);
			productName = ass5;
			productReference = 917C27792CC82FD900DA8EBB /* ass5.app */;
			productType = "com.apple.product-type.application";
		};
		917C278E2CC82FDA00DA8EBB /* ass5Tests */ = {
			isa = PBXNativeTarget;
			buildConfigurationList = 917C27A72CC82FDA00DA8EBB /* Build configuration list for PBXNativeTarget "ass5Tests" */;
			buildPhases = (
				917C278B2CC82FDA00DA8EBB /* Sources */,
				917C278C2CC82FDA00DA8EBB /* Frameworks */,
				917C278D2CC82FDA00DA8EBB /* Resources */,
			);
			buildRules = (
			);
			dependencies = (
				917C27912CC82FDA00DA8EBB /* PBXTargetDependency */,
			);
			fileSystemSynchronizedGroups = (
				917C27922CC82FDA00DA8EBB /* ass5Tests */,
			);
			name = ass5Tests;
			packageProductDependencies = (
			);
			productName = ass5Tests;
			productReference = 917C278F2CC82FDA00DA8EBB /* ass5Tests.xctest */;
			productType = "com.apple.product-type.bundle.unit-test";
		};
		917C27982CC82FDA00DA8EBB /* ass5UITests */ = {
			isa = PBXNativeTarget;
			buildConfigurationList = 917C27AA2CC82FDA00DA8EBB /* Build configuration list for PBXNativeTarget "ass5UITests" */;
			buildPhases = (
				917C27952CC82FDA00DA8EBB /* Sources */,
				917C27962CC82FDA00DA8EBB /* Frameworks */,
				917C27972CC82FDA00DA8EBB /* Resources */,
			);
			buildRules = (
			);
			dependencies = (
				917C279B2CC82FDA00DA8EBB /* PBXTargetDependency */,
			);
			fileSystemSynchronizedGroups = (
				917C279C2CC82FDA00DA8EBB /* ass5UITests */,
			);
			name = ass5UITests;
			packageProductDependencies = (
			);
			productName = ass5UITests;
			productReference = 917C27992CC82FDA00DA8EBB /* ass5UITests.xctest */;
			productType = "com.apple.product-type.bundle.ui-testing";
		};
/* End PBXNativeTarget section */

/* Begin PBXProject section */
		917C27712CC82FD900DA8EBB /* Project object */ = {
			isa = PBXProject;
			attributes = {
				BuildIndependentTargetsInParallel = 1;
				LastSwiftUpdateCheck = 1600;
				LastUpgradeCheck = 1600;
				TargetAttributes = {
					917C27782CC82FD900DA8EBB = {
						CreatedOnToolsVersion = 16.0;
					};
					917C278E2CC82FDA00DA8EBB = {
						CreatedOnToolsVersion = 16.0;
						TestTargetID = 917C27782CC82FD900DA8EBB;
					};
					917C27982CC82FDA00DA8EBB = {
						CreatedOnToolsVersion = 16.0;
						TestTargetID = 917C27782CC82FD900DA8EBB;
					};
				};
			};
			buildConfigurationList = 917C27742CC82FD900DA8EBB /* Build configuration list for PBXProject "ass5" */;
			developmentRegion = en;
			hasScannedForEncodings = 0;
			knownRegions = (
				en,
				Base,
			);
			mainGroup = 917C27702CC82FD900DA8EBB;
			minimizedProjectReferenceProxies = 1;
			preferredProjectObjectVersion = 77;
			productRefGroup = 917C277A2CC82FD900DA8EBB /* Products */;
			projectDirPath = "";
			projectRoot = "";
			targets = (
				917C27782CC82FD900DA8EBB /* ass5 */,
				917C278E2CC82FDA00DA8EBB /* ass5Tests */,
				917C27982CC82FDA00DA8EBB /* ass5UITests */,
			);
		};
/* End PBXProject section */

/* Begin PBXResourcesBuildPhase section */
		917C27772CC82FD900DA8EBB /* Resources */ = {
			isa = PBXResourcesBuildPhase;
			buildActionMask = 2147483647;
			files = (
			);
			runOnlyForDeploymentPostprocessing = 0;
		};
		917C278D2CC82FDA00DA8EBB /* Resources */ = {
			isa = PBXResourcesBuildPhase;
			buildActionMask = 2147483647;
			files = (
			);
			runOnlyForDeploymentPostprocessing = 0;
		};
		917C27972CC82FDA00DA8EBB /* Resources */ = {
			isa = PBXResourcesBuildPhase;
			buildActionMask = 2147483647;
			files = (
			);
			runOnlyForDeploymentPostprocessing = 0;
		};
/* End PBXResourcesBuildPhase section */

/* Begin PBXSourcesBuildPhase section */
		917C27752CC82FD900DA8EBB /* Sources */ = {
			isa = PBXSourcesBuildPhase;
			buildActionMask = 2147483647;
			files = (
			);
			runOnlyForDeploymentPostprocessing = 0;
		};
		917C278B2CC82FDA00DA8EBB /* Sources */ = {
			isa = PBXSourcesBuildPhase;
			buildActionMask = 2147483647;
			files = (
			);
			runOnlyForDeploymentPostprocessing = 0;
		};
		917C27952CC82FDA00DA8EBB /* Sources */ = {
			isa = PBXSourcesBuildPhase;
			buildActionMask = 2147483647;
			files = (
			);
			runOnlyForDeploymentPostprocessing = 0;
		};
/* End PBXSourcesBuildPhase section */

/* Begin PBXTargetDependency section */
		917C27912CC82FDA00DA8EBB /* PBXTargetDependency */ = {
			isa = PBXTargetDependency;
			target = 917C27782CC82FD900DA8EBB /* ass5 */;
			targetProxy = 917C27902CC82FDA00DA8EBB /* PBXContainerItemProxy */;
		};
		917C279B2CC82FDA00DA8EBB /* PBXTargetDependency */ = {
			isa = PBXTargetDependency;
			target = 917C27782CC82FD900DA8EBB /* ass5 */;
			targetProxy = 917C279A2CC82FDA00DA8EBB /* PBXContainerItemProxy */;
		};
/* End PBXTargetDependency section */

/* Begin XCBuildConfiguration section */
		917C27A32CC82FDA00DA8EBB /* Debug */ = {
			isa = XCBuildConfiguration;
			buildSettings = {
				ASSETCATALOG_COMPILER_APPICON_NAME = AppIcon;
				ASSETCATALOG_COMPILER_GLOBAL_ACCENT_COLOR_NAME = AccentColor;
				CODE_SIGN_STYLE = Automatic;
				CURRENT_PROJECT_VERSION = 1;
				GENERATE_INFOPLIST_FILE = YES;
				INFOPLIST_FILE = ass5/Info.plist;
				INFOPLIST_KEY_UIApplicationSupportsIndirectInputEvents = YES;
				INFOPLIST_KEY_UILaunchStoryboardName = LaunchScreen;
				INFOPLIST_KEY_UIMainStoryboardFile = Main;
				INFOPLIST_KEY_UISupportedInterfaceOrientations_iPad = "UIInterfaceOrientationPortrait UIInterfaceOrientationPortraitUpsideDown UIInterfaceOrientationLandscapeLeft UIInterfaceOrientationLandscapeRight";
				INFOPLIST_KEY_UISupportedInterfaceOrientations_iPhone = "UIInterfaceOrientationPortrait UIInterfaceOrientationLandscapeLeft UIInterfaceOrientationLandscapeRight";
				LD_RUNPATH_SEARCH_PATHS = (
					"$(inherited)",
					"@executable_path/Frameworks",
				);
				MARKETING_VERSION = 1.0;
				PRODUCT_BUNDLE_IDENTIFIER = daniyal.ass5;
				PRODUCT_NAME = "$(TARGET_NAME)";
				SWIFT_EMIT_LOC_STRINGS = YES;
				SWIFT_VERSION = 5.0;
				TARGETED_DEVICE_FAMILY = "1,2";
			};
			name = Debug;
		};
		917C27A42CC82FDA00DA8EBB /* Release */ = {
			isa = XCBuildConfiguration;
			buildSettings = {
				ASSETCATALOG_COMPILER_APPICON_NAME = AppIcon;
				ASSETCATALOG_COMPILER_GLOBAL_ACCENT_COLOR_NAME = AccentColor;
				CODE_SIGN_STYLE = Automatic;
				CURRENT_PROJECT_VERSION = 1;
				GENERATE_INFOPLIST_FILE = YES;
				INFOPLIST_FILE = ass5/Info.plist;
				INFOPLIST_KEY_UIApplicationSupportsIndirectInputEvents = YES;
				INFOPLIST_KEY_UILaunchStoryboardName = LaunchScreen;
				INFOPLIST_KEY_UIMainStoryboardFile = Main;
				INFOPLIST_KEY_UISupportedInterfaceOrientations_iPad = "UIInterfaceOrientationPortrait UIInterfaceOrientationPortraitUpsideDown UIInterfaceOrientationLandscapeLeft UIInterfaceOrientationLandscapeRight";
				INFOPLIST_KEY_UISupportedInterfaceOrientations_iPhone = "UIInterfaceOrientationPortrait UIInterfaceOrientationLandscapeLeft UIInterfaceOrientationLandscapeRight";
				LD_RUNPATH_SEARCH_PATHS = (
					"$(inherited)",
					"@executable_path/Frameworks",
				);
				MARKETING_VERSION = 1.0;
				PRODUCT_BUNDLE_IDENTIFIER = daniyal.ass5;
				PRODUCT_NAME = "$(TARGET_NAME)";
				SWIFT_EMIT_LOC_STRINGS = YES;
				SWIFT_VERSION = 5.0;
				TARGETED_DEVICE_FAMILY = "1,2";
			};
			name = Release;
		};
		917C27A52CC82FDA00DA8EBB /* Debug */ = {
			isa = XCBuildConfiguration;
			buildSettings = {
				ALWAYS_SEARCH_USER_PATHS = NO;
				ASSETCATALOG_COMPILER_GENERATE_SWIFT_ASSET_SYMBOL_EXTENSIONS = YES;
				CLANG_ANALYZER_NONNULL = YES;
				CLANG_ANALYZER_NUMBER_OBJECT_CONVERSION = YES_AGGRESSIVE;
				CLANG_CXX_LANGUAGE_STANDARD = "gnu++20";
				CLANG_ENABLE_MODULES = YES;
				CLANG_ENABLE_OBJC_ARC = YES;
				CLANG_ENABLE_OBJC_WEAK = YES;
				CLANG_WARN_BLOCK_CAPTURE_AUTORELEASING = YES;
				CLANG_WARN_BOOL_CONVERSION = YES;
				CLANG_WARN_COMMA = YES;
				CLANG_WARN_CONSTANT_CONVERSION = YES;
				CLANG_WARN_DEPRECATED_OBJC_IMPLEMENTATIONS = YES;
				CLANG_WARN_DIRECT_OBJC_ISA_USAGE = YES_ERROR;
				CLANG_WARN_DOCUMENTATION_COMMENTS = YES;
				CLANG_WARN_EMPTY_BODY = YES;
				CLANG_WARN_ENUM_CONVERSION = YES;
				CLANG_WARN_INFINITE_RECURSION = YES;
				CLANG_WARN_INT_CONVERSION = YES;
				CLANG_WARN_NON_LITERAL_NULL_CONVERSION = YES;
				CLANG_WARN_OBJC_IMPLICIT_RETAIN_SELF = YES;
				CLANG_WARN_OBJC_LITERAL_CONVERSION = YES;
				CLANG_WARN_OBJC_ROOT_CLASS = YES_ERROR;
				CLANG_WARN_QUOTED_INCLUDE_IN_FRAMEWORK_HEADER = YES;
				CLANG_WARN_RANGE_LOOP_ANALYSIS = YES;
				CLANG_WARN_STRICT_PROTOTYPES = YES;
				CLANG_WARN_SUSPICIOUS_MOVE = YES;
				CLANG_WARN_UNGUARDED_AVAILABILITY = YES_AGGRESSIVE;
				CLANG_WARN_UNREACHABLE_CODE = YES;
				CLANG_WARN__DUPLICATE_METHOD_MATCH = YES;
				COPY_PHASE_STRIP = NO;
				DEBUG_INFORMATION_FORMAT = dwarf;
				ENABLE_STRICT_OBJC_MSGSEND = YES;
				ENABLE_TESTABILITY = YES;
				ENABLE_USER_SCRIPT_SANDBOXING = YES;
				GCC_C_LANGUAGE_STANDARD = gnu17;
				GCC_DYNAMIC_NO_PIC = NO;
				GCC_NO_COMMON_BLOCKS = YES;
				GCC_OPTIMIZATION_LEVEL = 0;
				GCC_PREPROCESSOR_DEFINITIONS = (
					"DEBUG=1",
					"$(inherited)",
				);
				GCC_WARN_64_TO_32_BIT_CONVERSION = YES;
				GCC_WARN_ABOUT_RETURN_TYPE = YES_ERROR;
				GCC_WARN_UNDECLARED_SELECTOR = YES;
				GCC_WARN_UNINITIALIZED_AUTOS = YES_AGGRESSIVE;
				GCC_WARN_UNUSED_FUNCTION = YES;
				GCC_WARN_UNUSED_VARIABLE = YES;
				IPHONEOS_DEPLOYMENT_TARGET = 18.0;
				LOCALIZATION_PREFERS_STRING_CATALOGS = YES;
				MTL_ENABLE_DEBUG_INFO = INCLUDE_SOURCE;
				MTL_FAST_MATH = YES;
				ONLY_ACTIVE_ARCH = YES;
				SDKROOT = iphoneos;
				SWIFT_ACTIVE_COMPILATION_CONDITIONS = "DEBUG $(inherited)";
				SWIFT_OPTIMIZATION_LEVEL = "-Onone";
			};
			name = Debug;
		};
		917C27A62CC82FDA00DA8EBB /* Release */ = {
			isa = XCBuildConfiguration;
			buildSettings = {
				ALWAYS_SEARCH_USER_PATHS = NO;
				ASSETCATALOG_COMPILER_GENERATE_SWIFT_ASSET_SYMBOL_EXTENSIONS = YES;
				CLANG_ANALYZER_NONNULL = YES;
				CLANG_ANALYZER_NUMBER_OBJECT_CONVERSION = YES_AGGRESSIVE;
				CLANG_CXX_LANGUAGE_STANDARD = "gnu++20";
				CLANG_ENABLE_MODULES = YES;
				CLANG_ENABLE_OBJC_ARC = YES;
				CLANG_ENABLE_OBJC_WEAK = YES;
				CLANG_WARN_BLOCK_CAPTURE_AUTORELEASING = YES;
				CLANG_WARN_BOOL_CONVERSION = YES;
				CLANG_WARN_COMMA = YES;
				CLANG_WARN_CONSTANT_CONVERSION = YES;
				CLANG_WARN_DEPRECATED_OBJC_IMPLEMENTATIONS = YES;
				CLANG_WARN_DIRECT_OBJC_ISA_USAGE = YES_ERROR;
				CLANG_WARN_DOCUMENTATION_COMMENTS = YES;
				CLANG_WARN_EMPTY_BODY = YES;
				CLANG_WARN_ENUM_CONVERSION = YES;
				CLANG_WARN_INFINITE_RECURSION = YES;
				CLANG_WARN_INT_CONVERSION = YES;
				CLANG_WARN_NON_LITERAL_NULL_CONVERSION = YES;
				CLANG_WARN_OBJC_IMPLICIT_RETAIN_SELF = YES;
				CLANG_WARN_OBJC_LITERAL_CONVERSION = YES;
				CLANG_WARN_OBJC_ROOT_CLASS = YES_ERROR;
				CLANG_WARN_QUOTED_INCLUDE_IN_FRAMEWORK_HEADER = YES;
				CLANG_WARN_RANGE_LOOP_ANALYSIS = YES;
				CLANG_WARN_STRICT_PROTOTYPES = YES;
				CLANG_WARN_SUSPICIOUS_MOVE = YES;
				CLANG_WARN_UNGUARDED_AVAILABILITY = YES_AGGRESSIVE;
				CLANG_WARN_UNREACHABLE_CODE = YES;
				CLANG_WARN__DUPLICATE_METHOD_MATCH = YES;
				COPY_PHASE_STRIP = NO;
				DEBUG_INFORMATION_FORMAT = "dwarf-with-dsym";
				ENABLE_NS_ASSERTIONS = NO;
				ENABLE_STRICT_OBJC_MSGSEND = YES;
				ENABLE_USER_SCRIPT_SANDBOXING = YES;
				GCC_C_LANGUAGE_STANDARD = gnu17;
				GCC_NO_COMMON_BLOCKS = YES;
				GCC_WARN_64_TO_32_BIT_CONVERSION = YES;
				GCC_WARN_ABOUT_RETURN_TYPE = YES_ERROR;
				GCC_WARN_UNDECLARED_SELECTOR = YES;
				GCC_WARN_UNINITIALIZED_AUTOS = YES_AGGRESSIVE;
				GCC_WARN_UNUSED_FUNCTION = YES;
				GCC_WARN_UNUSED_VARIABLE = YES;
				IPHONEOS_DEPLOYMENT_TARGET = 18.0;
				LOCALIZATION_PREFERS_STRING_CATALOGS = YES;
				MTL_ENABLE_DEBUG_INFO = NO;
				MTL_FAST_MATH = YES;
				SDKROOT = iphoneos;
				SWIFT_COMPILATION_MODE = wholemodule;
				VALIDATE_PRODUCT = YES;
			};
			name = Release;
		};
		917C27A82CC82FDA00DA8EBB /* Debug */ = {
			isa = XCBuildConfiguration;
			buildSettings = {
				BUNDLE_LOADER = "$(TEST_HOST)";
				CODE_SIGN_STYLE = Automatic;
				CURRENT_PROJECT_VERSION = 1;
				GENERATE_INFOPLIST_FILE = YES;
				IPHONEOS_DEPLOYMENT_TARGET = 18.0;
				MARKETING_VERSION = 1.0;
				PRODUCT_BUNDLE_IDENTIFIER = daniyal.ass5Tests;
				PRODUCT_NAME = "$(TARGET_NAME)";
				SWIFT_EMIT_LOC_STRINGS = NO;
				SWIFT_VERSION = 5.0;
				TARGETED_DEVICE_FAMILY = "1,2";
				TEST_HOST = "$(BUILT_PRODUCTS_DIR)/ass5.app/$(BUNDLE_EXECUTABLE_FOLDER_PATH)/ass5";
			};
			name = Debug;
		};
		917C27A92CC82FDA00DA8EBB /* Release */ = {
			isa = XCBuildConfiguration;
			buildSettings = {
				BUNDLE_LOADER = "$(TEST_HOST)";
				CODE_SIGN_STYLE = Automatic;
				CURRENT_PROJECT_VERSION = 1;
				GENERATE_INFOPLIST_FILE = YES;
				IPHONEOS_DEPLOYMENT_TARGET = 18.0;
				MARKETING_VERSION = 1.0;
				PRODUCT_BUNDLE_IDENTIFIER = daniyal.ass5Tests;
				PRODUCT_NAME = "$(TARGET_NAME)";
				SWIFT_EMIT_LOC_STRINGS = NO;
				SWIFT_VERSION = 5.0;
				TARGETED_DEVICE_FAMILY = "1,2";
				TEST_HOST = "$(BUILT_PRODUCTS_DIR)/ass5.app/$(BUNDLE_EXECUTABLE_FOLDER_PATH)/ass5";
			};
			name = Release;
		};
		917C27AB2CC82FDA00DA8EBB /* Debug */ = {
			isa = XCBuildConfiguration;
			buildSettings = {
				CODE_SIGN_STYLE = Automatic;
				CURRENT_PROJECT_VERSION = 1;
				GENERATE_INFOPLIST_FILE = YES;
				MARKETING_VERSION = 1.0;
				PRODUCT_BUNDLE_IDENTIFIER = daniyal.ass5UITests;
				PRODUCT_NAME = "$(TARGET_NAME)";
				SWIFT_EMIT_LOC_STRINGS = NO;
				SWIFT_VERSION = 5.0;
				TARGETED_DEVICE_FAMILY = "1,2";
				TEST_TARGET_NAME = ass5;
			};
			name = Debug;
		};
		917C27AC2CC82FDA00DA8EBB /* Release */ = {
			isa = XCBuildConfiguration;
			buildSettings = {
				CODE_SIGN_STYLE = Automatic;
				CURRENT_PROJECT_VERSION = 1;
				GENERATE_INFOPLIST_FILE = YES;
				MARKETING_VERSION = 1.0;
				PRODUCT_BUNDLE_IDENTIFIER = daniyal.ass5UITests;
				PRODUCT_NAME = "$(TARGET_NAME)";
				SWIFT_EMIT_LOC_STRINGS = NO;
				SWIFT_VERSION = 5.0;
				TARGETED_DEVICE_FAMILY = "1,2";
				TEST_TARGET_NAME = ass5;
			};
			name = Release;
		};
/* End XCBuildConfiguration section */

/* Begin XCConfigurationList section */
		917C27742CC82FD900DA8EBB /* Build configuration list for PBXProject "ass5" */ = {
			isa = XCConfigurationList;
			buildConfigurations = (
				917C27A52CC82FDA00DA8EBB /* Debug */,
				917C27A62CC82FDA00DA8EBB /* Release */,
			);
			defaultConfigurationIsVisible = 0;
			defaultConfigurationName = Release;
		};
		917C27A22CC82FDA00DA8EBB /* Build configuration list for PBXNativeTarget "ass5" */ = {
			isa = XCConfigurationList;
			buildConfigurations = (
				917C27A32CC82FDA00DA8EBB /* Debug */,
				917C27A42CC82FDA00DA8EBB /* Release */,
			);
			defaultConfigurationIsVisible = 0;
			defaultConfigurationName = Release;
		};
		917C27A72CC82FDA00DA8EBB /* Build configuration list for PBXNativeTarget "ass5Tests" */ = {
			isa = XCConfigurationList;
			buildConfigurations = (
				917C27A82CC82FDA00DA8EBB /* Debug */,
				917C27A92CC82FDA00DA8EBB /* Release */,
			);
			defaultConfigurationIsVisible = 0;
			defaultConfigurationName = Release;
		};
		917C27AA2CC82FDA00DA8EBB /* Build configuration list for PBXNativeTarget "ass5UITests" */ = {
			isa = XCConfigurationList;
			buildConfigurations = (
				917C27AB2CC82FDA00DA8EBB /* Debug */,
				917C27AC2CC82FDA00DA8EBB /* Release */,
			);
			defaultConfigurationIsVisible = 0;
			defaultConfigurationName = Release;
		};
/* End XCConfigurationList section */
	};
	rootObject = 917C27712CC82FD900DA8EBB /* Project object */;
}
